
Microsoft Visual Studio Solution File, Format Version 12.00
# Visual Studio Version 17
VisualStudioVersion = 17.4.33122.133
MinimumVisualStudioVersion = 10.0.40219.1
Project("{FAE04EC0-301F-11D3-BF4B-00C04F79EFBC}") = "HSPA", "HSPA\HSPA.csproj", "{47F193F8-9A29-400D-B4E4-77AE87BBCB29}"
EndProject
Project("{FAE04EC0-301F-11D3-BF4B-00C04F79EFBC}") = "HSPAtest", "HSPAtest\HSPAtest.csproj", "{1FD0C59B-976B-4171-91BB-FE912795CD5B}"
EndProject
Global
	GlobalSection(SolutionConfigurationPlatforms) = preSolution
		Debug|Any CPU = Debug|Any CPU
		Release|Any CPU = Release|Any CPU
	EndGlobalSection
	GlobalSection(ProjectConfigurationPlatforms) = postSolution
		{47F193F8-9A29-400D-B4E4-77AE87BBCB29}.Debug|Any CPU.ActiveCfg = Debug|Any CPU
		{47F193F8-9A29-400D-B4E4-77AE87BBCB29}.Debug|Any CPU.Build.0 = Debug|Any CPU
		{47F193F8-9A29-400D-B4E4-77AE87BBCB29}.Release|Any CPU.ActiveCfg = Release|Any CPU
		{47F193F8-9A29-400D-B4E4-77AE87BBCB29}.Release|Any CPU.Build.0 = Release|Any CPU
		{1FD0C59B-976B-4171-91BB-FE912795CD5B}.Debug|Any CPU.ActiveCfg = Debug|Any CPU
		{1FD0C59B-976B-4171-91BB-FE912795CD5B}.Debug|Any CPU.Build.0 = Debug|Any CPU
		{1FD0C59B-976B-4171-91BB-FE912795CD5B}.Release|Any CPU.ActiveCfg = Release|Any CPU
		{1FD0C59B-976B-4171-91BB-FE912795CD5B}.Release|Any CPU.Build.0 = Release|Any CPU
	EndGlobalSection
	GlobalSection(SolutionProperties) = preSolution
		HideSolutionNode = FALSE
	EndGlobalSection
	GlobalSection(ExtensibilityGlobals) = postSolution
		SolutionGuid = {62882BC7-858B-422D-AB29-F85649FA7D0F}
	EndGlobalSection
EndGlobal
